version = 1
revision = 3
requires-python = ">=3.12"

[[package]]
name = "capstone"
version = "5.0.9"
source = { registry = "https://pypi.org/simple" }
sdist = { url = "https://files.pythonhosted.org/packages/39/01/6516910f546fbb996068207b9dd0229b14bc8dae223114d5e0e27d3cad11/capstone-5.0.9.tar.gz", hash = "sha256:0429af292ddc604d3c9344696807e281d5e728db029f00e6a4ea9e3bff1aac9e", size = 2947300, upload-time = "2026-05-28T16:05:57.968Z" }
wheels = [
    { url = "https://files.pythonhosted.org/packages/da/f3/43f4dbfc36c7740d512621a9d42b276ac21bb6ca7cb974d4c8a19060d387/capstone-5.0.9-py3-none-macosx_10_9_universal2.whl", hash = "sha256:58a874d9a6cb15122135b1385a782e5b54c8a4d9396161b6498465046d2e0442", size = 2195391, upload-time = "2026-05-28T16:05:45.515Z" },
    { url = "https://files.pythonhosted.org/packages/70/74/d00de02c62ce864c6b43796c524516ea064e3e6fc1327d452f78270e8323/capstone-5.0.9-py3-none-macosx_10_9_x86_64.whl", hash = "sha256:8c4a1d7134d7d5290e5d77066500385f2c7a4bf66835ccbfde5180042d508b3c", size = 1190392, upload-time = "2026-05-28T16:05:46.953Z" },
    { url = "https://files.pythonhosted.org/packages/42/9a/4eecfbc94961cda70301fd13de69042be1943bee456e37bc1369840601b1/capstone-5.0.9-py3-none-macosx_11_0_arm64.whl", hash = "sha256:fc269c5082e17d7f9f265cd6980e2fdc6ab572df913951d76db0357e06b8001d", size = 1202361, upload-time = "2026-05-28T16:05:48.1Z" },
    { url = "https://files.pythonhosted.org/packages/45/d9/dbeadb9fcd461e608ce79b1cb647fed6baa812fa6e1c68b0ba5ef81291af/capstone-5.0.9-py3-none-manylinux_2_17_aarch64.manylinux2014_aarch64.whl", hash = "sha256:41772ad0c71aa5d3e97d541e802593c2e71fb94ac7e20d4202f97ce2a3eb8ed5", size = 1461016, upload-time = "2026-05-28T16:05:49.554Z" },
    { url = "https://files.pythonhosted.org/packages/d1/39/17747862222bb062e86b501f1f148d5ff589b77908b080d30f7f085cbfb7/capstone-5.0.9-py3-none-manylinux_2_17_x86_64.manylinux2014_x86_64.whl", hash = "sha256:273fd8d747d2e35c88f91450be51a603ecfaafb00d96d9f315dcb8689c86193e", size = 1485316, upload-time = "2026-05-28T16:05:50.721Z" },
    { url = "https://files.pythonhosted.org/packages/12/56/9a694f60f5b26612039d975c1c84d2ad8fd0ad839b0b1058dbe68dd32b0b/capstone-5.0.9-py3-none-manylinux_2_5_i686.manylinux1_i686.manylinux_2_17_i686.manylinux2014_i686.whl", hash = "sha256:1f5871b57e987d5bf23b531fbe868211b74ad750fa9b830a3d3cdc4956bc0ae3", size = 1483221, upload-time = "2026-05-28T16:05:51.925Z" },
    { url = "https://files.pythonhosted.org/packages/b9/74/c178ac241892bb3668b633065bdbe6dc719c2aa54668d68a8e23a6753525/capstone-5.0.9-py3-none-musllinux_1_2_aarch64.whl", hash = "sha256:69064219c814ad64af35469a7c4ddd19b730cacb96a1a796435ccde0e1567d05", size = 1459140, upload-time = "2026-05-28T16:05:53.182Z" },
    { url = "https://files.pythonhosted.org/packages/7b/f3/3865a0371603994f8bf521595b3072080bfe1b715f8bd080988d026dd2a1/capstone-5.0.9-py3-none-musllinux_1_2_i686.whl", hash = "sha256:0cc3b1ec319ab0530efc6b181491b77dd3373c81b6dbcf2f05a80e3d8dd61d5e", size = 1488205, upload-time = "2026-05-28T16:05:54.31Z" },
    { url = "https://files.pythonhosted.org/packages/09/a1/39a575aa27a35b43b0ad93065a1803dba39038060eccfb29031d82e3fb2c/capstone-5.0.9-py3-none-musllinux_1_2_x86_64.whl", hash = "sha256:cfec34e6e01472fe60850c87c5bea9918c274fa2a605b510e6489bf87c0c9960", size = 1488865, upload-time = "2026-05-28T16:05:55.603Z" },
    { url = "https://files.pythonhosted.org/packages/50/e6/6f06fdb6a9ed32b2f7cd9c036b92d5324112c3ef7080f2c71efc367d40dd/capstone-5.0.9-py3-none-win_amd64.whl", hash = "sha256:732cedbbb56d42e723f14d7af6387f1454194a820b4b96b56d1e53f865ef85d0", size = 1273459, upload-time = "2026-05-28T16:05:56.73Z" },
]

[[package]]
name = "colorama"
version = "0.4.6"
source = { registry = "https://pypi.org/simple" }
sdist = { url = "https://files.pythonhosted.org/packages/d8/53/6f443c9a4a8358a93a6792e2acffb9d9d5cb0a5cfd8802644b7b1c9a02e4/colorama-0.4.6.tar.gz", hash = "sha256:08695f5cb7ed6e0531a20572697297273c47b8cae5a63ffc6d6ed5c201be6e44", size = 27697, upload-time = "2022-10-25T02:36:22.414Z" }
wheels = [
    { url = "https://files.pythonhosted.org/packages/d1/d6/3965ed04c63042e047cb6a3e6ed1a63a35087b6a609aa3a15ed8ac56c221/colorama-0.4.6-py2.py3-none-any.whl", hash = "sha256:4f1d9991f5acc0ca119f9d443620b77f9d6b33703e51011c16baf57afb285fc6", size = 25335, upload-time = "2022-10-25T02:36:20.889Z" },
]

[[package]]
name = "forts-nml"
version = "0.1.0"
source = { virtual = "." }
dependencies = [
    { name = "capstone" },
    { name = "frida-tools" },
]

[package.metadata]
requires-dist = [
    { name = "capstone", specifier = ">=5.0.9" },
    { name = "frida-tools", specifier = ">=14.10.4" },
]

[[package]]
name = "frida"
version = "17.21.0"
source = { registry = "https://pypi.org/simple" }
sdist = { url = "https://files.pythonhosted.org/packages/38/de/cd3b4de50fa9d3476f32acd6a97a69b9b3ed96c886aacd26ca68c191525c/frida-17.21.0.tar.gz", hash = "sha256:cca4e7e1017c4f40599feec7364df7e7d7cd9c363ccdcee6b095cbadf7a1f046", size = 939820, upload-time = "2026-10-02T19:48:59.97Z" }
wheels = [
    { url = "https://files.pythonhosted.org/packages/37/0c/ec9ed51b36d4c75cc5b6e35ae5f353540bdbb7373e9512d651bf177b0bc4/frida-17.21.0-cp37-abi3-macosx_10_13_x86_64.whl", hash = "sha256:1f9dfa0069bd3d24a39159d2c9732ad67a0dcd1d6831a74a02692bf91bb3975e", size = 29371388, upload-time = "2026-10-02T19:47:51.156Z" },
    { url = "https://files.pythonhosted.org/packages/87/93/2d487149b4fca2d4e2d33fc057a2fbb12eae434903ebb66b8cc7c2db3af1/frida-17.21.0-cp37-abi3-macosx_11_0_arm64.whl", hash = "sha256:287470e346a2ef0900e4f51889a3487361d3ed3a9c3ea5a714bfef160d25044f", size = 38301048, upload-time = "2026-10-02T19:47:57.434Z" },
    { url = "https://files.pythonhosted.org/packages/77/b7/0508445f1c14d9f53bd6c6b691d01e86fb764952f3011ce60cb8683cce2e/frida-17.21.0-cp37-abi3-manylinux1_i686.whl", hash = "sha256:8d96f03a4e3dc91c61a9e955a77b2d1878bbce091ad51eae271f040964e6ca9e", size = 26708163, upload-time = "2026-10-02T19:48:01.749Z" },
    { url = "https://files.pythonhosted.org/packages/ac/cf/b545d56ee32f63b22ff712f1ab7018da35eceee4583c5ddf82948c2d7a66/frida-17.21.0-cp37-abi3-manylinux1_x86_64.whl", hash = "sha256:94ea87170ed1d14b79377fc070c741ff144a24a91c3d40d09d20d8d910a13819", size = 39612049, upload-time = "2026-10-02T19:48:06.339Z" },
    { url = "https://files.pythonhosted.org/packages/59/1c/e28caa35db2c72e73b90a0ea3327ca9b6b6df5e68f906b45298729ce9800/frida-17.21.0-cp37-abi3-manylinux2014_aarch64.whl", hash = "sha256:cce40b1e93d1c09d7486a460e746868bfd2ba391ae66be1c9615cf614c1cf4dd", size = 27214533, upload-time = "2026-10-02T19:48:10.462Z" },
    { url = "https://files.pythonhosted.org/packages/f0/d1/a7eee83eeac959928f1e741a5886d1aabfa6aba27faac2f603ef79970f84/frida-17.21.0-cp37-abi3-manylinux2014_armv7l.whl", hash = "sha256:df5c0ccfbfc1db61677c39d784b7681e1900de2b2999a59ee629e2256b1c773c", size = 25017235, upload-time = "2026-10-02T19:48:14.739Z" },
    { url = "https://files.pythonhosted.org/packages/25/b0/938fc2fd05fc1d7f02c0c8eaa80c69e5b484ac2421f6434a9ff11ccd7d00/frida-17.21.0-cp37-abi3-manylinux_2_17_aarch64.whl", hash = "sha256:17ecef58cc971fa74a3aaacf2ad6a211e4385bc110be5be81b2ea41886d8b11a", size = 27214536, upload-time = "2026-10-02T19:48:19.244Z" },
    { url = "https://files.pythonhosted.org/packages/62/6e/c361ecac6a59371ca41e8a1b040a10157917041999829e3676101ec44c4a/frida-17.21.0-cp37-abi3-manylinux_2_17_armv7l.whl", hash = "sha256:93673493ca1d5814c5dd277463c45e73034f07ef684c820c2b26970c94167a31", size = 25017236, upload-time = "2026-10-02T19:48:28.633Z" },
    { url = "https://files.pythonhosted.org/packages/6f/9e/f638b9c6446ecf88ec172f230f67b0c2e0331e8612b994cb8a612b336cbb/frida-17.21.0-cp37-abi3-manylinux_2_5_i686.whl", hash = "sha256:aa5cb248fafc108f1f64cce144971109b14f1828c4136554aa94e5dc7b748b9a", size = 26708163, upload-time = "2026-10-02T19:48:32.948Z" },
    { url = "https://files.pythonhosted.org/packages/b7/fe/7951a908c5e086a6a146baf54df8a2c663ced130c2304aec7db64428ea6d/frida-17.21.0-cp37-abi3-manylinux_2_5_x86_64.whl", hash = "sha256:5845969f9f31623b73855d44e95747d96ccea917c8c3199aafeaf019f399555e", size = 39612053, upload-time = "2026-10-02T19:48:38.126Z" },
    { url = "https://files.pythonhosted.org/packages/ab/58/a50e225f4119b356315be873ffb179ac454e5e316869ecb9a3b1bc7bfad6/frida-17.21.0-cp37-abi3-win32.whl", hash = "sha256:17ebf61ed78d7fe0e6fe11414a73cf063716db3abbdb0e3566a580c06c4e76cf", size = 47603646, upload-time = "2026-10-02T19:48:43.76Z" },
    { url = "https://files.pythonhosted.org/packages/d8/ff/37622a00831c281349a41405d93ae9e2d7fe15ab2677bce9ae873ca4f774/frida-17.21.0-cp37-abi3-win_amd64.whl", hash = "sha256:a58cd0fb6f599cb7e24fd263a02509325a9df9159863c40179237bcc448c54e9", size = 50655678, upload-time = "2026-10-02T19:48:50.181Z" },
    { url = "https://files.pythonhosted.org/packages/ea/45/a579a6813bc6dbe4d69943ca91712e21964c75610b7250793495691951ee/frida-17.21.0-cp37-abi3-win_arm64.whl", hash = "sha256:9c4952961415bd4d7dfe68b7d2a15978d67108653a8fe97a4c747c39260cbc91", size = 59903882, upload-time = "2026-10-02T19:48:56.88Z" },
]

[[package]]
name = "frida-tools"
version = "14.10.4"
source = { registry = "https://pypi.org/simple" }
dependencies = [
    { name = "colorama" },
    { name = "frida" },
    { name = "prompt-toolkit" },
    { name = "pygments" },
    { name = "websockets" },
]
sdist = { url = "https://files.pythonhosted.org/packages/80/5e/4592b8005bb5126642c80dfa7ea7a1ab81fd8c232fa03e20374216c04831/frida_tools-14.10.4.tar.gz", hash = "sha256:7a2c544b545d095040fffbd3768a287a426343dad89095b4a24f4b20382d926a", size = 4690392, upload-time = "2026-06-25T00:16:09.892Z" }

[[package]]
name = "prompt-toolkit"
version = "3.0.53"
source = { registry = "https://pypi.org/simple" }
dependencies = [
    { name = "wcwidth" },
]
sdist = { url = "https://files.pythonhosted.org/packages/7d/ea/39b988c938f75cb75d7045b5c69f8bfed47ee2152c8837fb403de29d6fb8/prompt_toolkit-3.0.53.tar.gz", hash = "sha256:9ec8a0ad96d5c56148b3f914aa79c1564c3fde5d2e6b876e7bc327e353cf8fa6", size = 435492, upload-time = "2026-07-26T20:56:14.758Z" }
wheels = [
    { url = "https://files.pythonhosted.org/packages/54/6f/84908cad2d6aa5144abcf7b42709fe4fdb459bc640ec7ac5786e7693dabc/prompt_toolkit-3.0.53-py3-none-any.whl", hash = "sha256:01c0891d7f9237d5e339f7d3e42cdae80b7534abb1c7c0e3352efba6231492f2", size = 392288, upload-time = "2026-07-26T20:56:12.512Z" },
]

[[package]]
name = "pygments"
version = "2.21.0"
source = { registry = "https://pypi.org/simple" }
sdist = { url = "https://files.pythonhosted.org/packages/49/2e/ced460408999b33da6b31b0021b0f37d329e202d4169aeb164493778f25b/pygments-2.21.0.tar.gz", hash = "sha256:610ca751c9bc2492b38eb9a38a7fbc93edbbb2d7182edaf34e66ae493dee5c8c", size = 5005329, upload-time = "2026-08-17T08:02:48.824Z" }
wheels = [
    { url = "https://files.pythonhosted.org/packages/71/46/17f022dd3e953bf20a04a028a21ec746d942f8d2af30fa0f124fa0e6a684/pygments-2.21.0-py3-none-any.whl", hash = "sha256:2363c69b61c4a97c838da3b130dcd6468f4848992b21a82f2a63ec34377137d9", size = 1250147, upload-time = "2026-08-17T08:02:44.912Z" },
]

[[package]]
name = "wcwidth"
version = "0.9.1"
source = { registry = "https://pypi.org/simple" }
sdist = { url = "https://files.pythonhosted.org/packages/dc/ac/3a943d2792c9bb368aaa8b50121c0f778460ba2d7fbdc0a0366201d9e761/wcwidth-0.9.1.tar.gz", hash = "sha256:5823209b0d43af322ce698c689380d7c15ca31fa8e6e3be8459f27031bef0af5", size = 952410, upload-time = "2026-09-23T20:23:49.127Z" }
wheels = [
    { url = "https://files.pythonhosted.org/packages/48/7c/130de33c0a7f6efecee28fef5711fc1f8d55ac33885a6b85f4f6689004ba/wcwidth-0.9.1-cp310-abi3-macosx_10_9_x86_64.whl", hash = "sha256:10b00ba23482e352f874d2e8135e7ace9da838646c7dd800566246bbd46125ff", size = 604219, upload-time = "2026-09-23T20:23:22.071Z" },
    { url = "https://files.pythonhosted.org/packages/33/7c/c7bb03da54de7ac5a08753e186b963f91847b04ed8ae5be136a4d5f52b75/wcwidth-0.9.1-cp310-abi3-macosx_11_0_arm64.whl", hash = "sha256:40d936d72c9bdc10df43f93a8be502bc5024b487259139f66a328722c07f34a9", size = 609038, upload-time = "2026-09-23T20:23:24.941Z" },
    { url = "https://files.pythonhosted.org/packages/0b/71/f57effdf895c2d6d49333f1d6833a9f5438725c55a04ed3124a1c95bb3aa/wcwidth-0.9.1-cp310-abi3-manylinux1_i686.manylinux2014_i686.manylinux_2_17_i686.manylinux_2_5_i686.whl", hash = "sha256:69bb970cf5652b88cfdb9d3fdd1764fc15e5f8ad531643e7bb3e894cd969740e", size = 761464, upload-time = "2026-09-23T20:23:32.425Z" },
    { url = "https://files.pythonhosted.org/packages/4f/16/15b03d8fb7a747d0d2cf4a33da7b1b3e092493c58780f6589d5b1e9e3b49/wcwidth-0.9.1-cp310-abi3-manylinux2014_aarch64.manylinux_2_17_aarch64.whl", hash = "sha256:b5da43d6967668982e44a52fb551967d293f86d26cd86036ac95bbdd34394ed9", size = 770483, upload-time = "2026-09-23T20:23:28.128Z" },
    { url = "https://files.pythonhosted.org/packages/e2/a0/834886b30e3b885a5a96e8358f1b3917bc0bac43ae4178d77f0c210d079b/wcwidth-0.9.1-cp310-abi3-manylinux2014_x86_64.manylinux_2_17_x86_64.whl", hash = "sha256:747fb724223f417a17541a95a17c1dac3a8ef9a0cf41684950f0eab191a35f65", size = 768443, upload-time = "2026-09-23T20:23:33.875Z" },
    { url = "https://files.pythonhosted.org/packages/a2/ae/1b7597e0132ebc2c920632f39d8c1c61881345c9b480c0a95eb91e7460fa/wcwidth-0.9.1-cp310-abi3-musllinux_1_2_aarch64.whl", hash = "sha256:6e1272b7986cefe79783737e38bdb9eaae0682b333c7bd132024441193dd5ce7", size = 781171, upload-time = "2026-09-23T20:23:29.46Z" },
    { url = "https://files.pythonhosted.org/packages/fb/bb/32149e3b481953f4ef35f38f166e2532886d33ae54ccdd71393f821dfad9/wcwidth-0.9.1-cp310-abi3-musllinux_1_2_i686.whl", hash = "sha256:fe021c4d8de9d36c31a0cb41d0d2546dadd3b0708a301f1a0c66ce200851831f", size = 781576, upload-time = "2026-09-23T20:23:35.504Z" },
    { url = "https://files.pythonhosted.org/packages/d6/72/1ee3dff67697bda93bc56ec9f7b3b89609cd64b9abb328512a2f22eb9e47/wcwidth-0.9.1-cp310-abi3-musllinux_1_2_x86_64.whl", hash = "sha256:708158c082364af442f9983de7b6ec9ac0d2e1b825ada25f0911b1f138d55405", size = 783526, upload-time = "2026-09-23T20:23:36.937Z" },
    { url = "https://files.pythonhosted.org/packages/ce/0a/e94f19a60f6127bcf3dfcf223ca05a37650d57b37b5ed623597c842ce7ca/wcwidth-0.9.1-cp310-abi3-win32.whl", hash = "sha256:356376852357b8fca71fe5415808ec421679e04b4a98eb7c9cb6a7984b911a05", size = 592136, upload-time = "2026-09-23T20:23:43.774Z" },
    { url = "https://files.pythonhosted.org/packages/3c/ff/d884d2ec7dcdc86cda742a86c7160bc726dbccae76d7ae1f9ac833c26680/wcwidth-0.9.1-cp310-abi3-win_amd64.whl", hash = "sha256:991d1c8834f548e9c1f16432075ee84638e122312556bbf1ed595ea8fffc4673", size = 596738, upload-time = "2026-09-23T20:23:44.989Z" },
    { url = "https://files.pythonhosted.org/packages/fa/93/16e30d617b937272a2310a6e3c1f9d8f94984e19ad4a96eb935628e3e6b6/wcwidth-0.9.1-cp310-abi3-win_arm64.whl", hash = "sha256:61bd7aef9cafb6cb77a37a169998d7928ce82a51522146d11f60db9e7d1cb43a", size = 594700, upload-time = "2026-09-23T20:23:41.013Z" },
    { url = "https://files.pythonhosted.org/packages/0b/fb/bf93868205814f03d63e5b91757cf5bee99e024ce951c2e91fdeaab49c59/wcwidth-0.9.1-cp314-cp314t-macosx_10_15_x86_64.whl", hash = "sha256:dc10e262c3ac0abbfd0a2a51e45a848b1b7f500b21ff512630277973ba25674d", size = 605391, upload-time = "2026-09-23T20:23:23.602Z" },
    { url = "https://files.pythonhosted.org/packages/59/bb/dd3ae682f8ab13b1bffd8d52320d2f7becc16e3200580015f52124636e3a/wcwidth-0.9.1-cp314-cp314t-macosx_11_0_arm64.whl", hash = "sha256:bcb9ed4a367cc025bf1092ac679a156759605182d60b7ed3c28f7221a42ddf55", size = 609851, upload-time = "2026-09-23T20:23:26.583Z" },
    { url = "https://files.pythonhosted.org/packages/56/e7/4f3a86953ab1f59eac15585795f7753da99370798f75b134d3cbf252b243/wcwidth-0.9.1-cp314-cp314t-manylinux1_i686.manylinux2014_i686.manylinux_2_17_i686.manylinux_2_5_i686.whl", hash = "sha256:0d68a30d504c68cfdff2a5f804675c1e7ab4c0bbe878024c8b680ec5579cde67", size = 774751, upload-time = "2026-09-23T20:23:38.473Z" },
    { url = "https://files.pythonhosted.org/packages/48/0c/a456332bb581ebf3eb1a7dedb1492747b15772ce82c0717cc05387a64a17/wcwidth-0.9.1-cp314-cp314t-manylinux2014_aarch64.manylinux_2_17_aarch64.whl", hash = "sha256:9f1636c5075ffd5c2e835b4561874f6e5dd2bbeba3c6c2c99f067d0d16883af8", size = 785798, upload-time = "2026-09-23T20:23:30.998Z" },
    { url = "https://files.pythonhosted.org/packages/1b/6e/a35de089370d6d872c5424d234e00a8580e62c1bff518ff583750e7b15f7/wcwidth-0.9.1-cp314-cp314t-manylinux2014_x86_64.manylinux_2_17_x86_64.whl", hash = "sha256:c4cead196551112cb8f43cdd1f80c235ef2456e34b1a9955c424537ec99961b2", size = 782933, upload-time = "2026-09-23T20:23:39.672Z" },
    { url = "https://files.pythonhosted.org/packages/ed/25/e39b6140d05f3aa8e2a6cbb2d679cba5767de7ac0a4860d1da246b6c36b3/wcwidth-0.9.1-cp314-cp314t-win32.whl", hash = "sha256:0665ee822ea04e25801e6e82e5407528be0863e88a17b0e7ca038843a4a3ac0c", size = 599829, upload-time = "2026-09-23T20:23:46.221Z" },
    { url = "https://files.pythonhosted.org/packages/12/ad/307b55d8e0a9484c48e8f78f40e9b9a4a9af0c9e2e1c5209ad6d5a09c77c/wcwidth-0.9.1-cp314-cp314t-win_amd64.whl", hash = "sha256:eab587e18e7cadf1a750b0098fc8bebfb62c125eb9306f2268f0443a282a3d78", size = 604398, upload-time = "2026-09-23T20:23:47.672Z" },
    { url = "https://files.pythonhosted.org/packages/36/f1/69566660f633e2a93df7dad7353761562e9f71bf8a5a7b1eb7f34793b45d/wcwidth-0.9.1-cp314-cp314t-win_arm64.whl", hash = "sha256:03cfca3dcbffa86564290fe3c9978a6191ba003e8ced7f7dbda315fcb3fbe725", size = 602291, upload-time = "2026-09-23T20:23:42.345Z" },
    { url = "https://files.pythonhosted.org/packages/96/a2/f06f2e0be4895e5943d358755b51968ace85774cf0a4cc42b4dafb793832/wcwidth-0.9.1-py3-none-any.whl", hash = "sha256:e0c3a1c45c5b9550c6919a4449e95f5b177f6e165786376981db8f1addae9b21", size = 300656, upload-time = "2026-09-23T20:23:20.674Z" },
]

[[package]]
name = "websockets"
version = "13.1"
source = { registry = "https://pypi.org/simple" }
sdist = { url = "https://files.pythonhosted.org/packages/e2/73/9223dbc7be3dcaf2a7bbf756c351ec8da04b1fa573edaf545b95f6b0c7fd/websockets-13.1.tar.gz", hash = "sha256:a3b3366087c1bc0a2795111edcadddb8b3b59509d5db5d7ea3fdd69f954a8878", size = 158549, upload-time = "2024-09-21T17:34:21.54Z" }
wheels = [
    { url = "https://files.pythonhosted.org/packages/df/46/c426282f543b3c0296cf964aa5a7bb17e984f58dde23460c3d39b3148fcf/websockets-13.1-cp312-cp312-macosx_10_9_universal2.whl", hash = "sha256:9d75baf00138f80b48f1eac72ad1535aac0b6461265a0bcad391fc5aba875cfc", size = 157821, upload-time = "2024-09-21T17:32:56.442Z" },
    { url = "https://files.pythonhosted.org/packages/aa/85/22529867010baac258da7c45848f9415e6cf37fef00a43856627806ffd04/websockets-13.1-cp312-cp312-macosx_10_9_x86_64.whl", hash = "sha256:9b6f347deb3dcfbfde1c20baa21c2ac0751afaa73e64e5b693bb2b848efeaa49", size = 155480, upload-time = "2024-09-21T17:32:57.698Z" },
    { url = "https://files.pythonhosted.org/packages/29/2c/bdb339bfbde0119a6e84af43ebf6275278698a2241c2719afc0d8b0bdbf2/websockets-13.1-cp312-cp312-macosx_11_0_arm64.whl", hash = "sha256:de58647e3f9c42f13f90ac7e5f58900c80a39019848c5547bc691693098ae1bd", size = 155715, upload-time = "2024-09-21T17:32:59.429Z" },
    { url = "https://files.pythonhosted.org/packages/9f/d0/8612029ea04c5c22bf7af2fd3d63876c4eaeef9b97e86c11972a43aa0e6c/websockets-13.1-cp312-cp312-manylinux_2_17_aarch64.manylinux2014_aarch64.whl", hash = "sha256:a1b54689e38d1279a51d11e3467dd2f3a50f5f2e879012ce8f2d6943f00e83f0", size = 165647, upload-time = "2024-09-21T17:33:00.495Z" },
    { url = "https://files.pythonhosted.org/packages/56/04/1681ed516fa19ca9083f26d3f3a302257e0911ba75009533ed60fbb7b8d1/websockets-13.1-cp312-cp312-manylinux_2_5_i686.manylinux1_i686.manylinux_2_17_i686.manylinux2014_i686.whl", hash = "sha256:cf1781ef73c073e6b0f90af841aaf98501f975d306bbf6221683dd594ccc52b6", size = 164592, upload-time = "2024-09-21T17:33:02.223Z" },
    { url = "https://files.pythonhosted.org/packages/38/6f/a96417a49c0ed132bb6087e8e39a37db851c70974f5c724a4b2a70066996/websockets-13.1-cp312-cp312-manylinux_2_5_x86_64.manylinux1_x86_64.manylinux_2_17_x86_64.manylinux2014_x86_64.whl", hash = "sha256:8d23b88b9388ed85c6faf0e74d8dec4f4d3baf3ecf20a65a47b836d56260d4b9", size = 165012, upload-time = "2024-09-21T17:33:03.288Z" },
    { url = "https://files.pythonhosted.org/packages/40/8b/fccf294919a1b37d190e86042e1a907b8f66cff2b61e9befdbce03783e25/websockets-13.1-cp312-cp312-musllinux_1_2_aarch64.whl", hash = "sha256:3c78383585f47ccb0fcf186dcb8a43f5438bd7d8f47d69e0b56f71bf431a0a68", size = 165311, upload-time = "2024-09-21T17:33:04.728Z" },
    { url = "https://files.pythonhosted.org/packages/c1/61/f8615cf7ce5fe538476ab6b4defff52beb7262ff8a73d5ef386322d9761d/websockets-13.1-cp312-cp312-musllinux_1_2_i686.whl", hash = "sha256:d6d300f8ec35c24025ceb9b9019ae9040c1ab2f01cddc2bcc0b518af31c75c14", size = 164692, upload-time = "2024-09-21T17:33:05.829Z" },
    { url = "https://files.pythonhosted.org/packages/5c/f1/a29dd6046d3a722d26f182b783a7997d25298873a14028c4760347974ea3/websockets-13.1-cp312-cp312-musllinux_1_2_x86_64.whl", hash = "sha256:a9dcaf8b0cc72a392760bb8755922c03e17a5a54e08cca58e8b74f6902b433cf", size = 164686, upload-time = "2024-09-21T17:33:06.823Z" },
    { url = "https://files.pythonhosted.org/packages/0f/99/ab1cdb282f7e595391226f03f9b498f52109d25a2ba03832e21614967dfa/websockets-13.1-cp312-cp312-win32.whl", hash = "sha256:2f85cf4f2a1ba8f602298a853cec8526c2ca42a9a4b947ec236eaedb8f2dc80c", size = 158712, upload-time = "2024-09-21T17:33:07.877Z" },
    { url = "https://files.pythonhosted.org/packages/46/93/e19160db48b5581feac8468330aa11b7292880a94a37d7030478596cc14e/websockets-13.1-cp312-cp312-win_amd64.whl", hash = "sha256:38377f8b0cdeee97c552d20cf1865695fcd56aba155ad1b4ca8779a5b6ef4ac3", size = 159145, upload-time = "2024-09-21T17:33:09.202Z" },
    { url = "https://files.pythonhosted.org/packages/51/20/2b99ca918e1cbd33c53db2cace5f0c0cd8296fc77558e1908799c712e1cd/websockets-13.1-cp313-cp313-macosx_10_13_universal2.whl", hash = "sha256:a9ab1e71d3d2e54a0aa646ab6d4eebfaa5f416fe78dfe4da2839525dc5d765c6", size = 157828, upload-time = "2024-09-21T17:33:10.987Z" },
    { url = "https://files.pythonhosted.org/packages/b8/47/0932a71d3d9c0e9483174f60713c84cee58d62839a143f21a2bcdbd2d205/websockets-13.1-cp313-cp313-macosx_10_13_x86_64.whl", hash = "sha256:b9d7439d7fab4dce00570bb906875734df13d9faa4b48e261c440a5fec6d9708", size = 155487, upload-time = "2024-09-21T17:33:12.153Z" },
    { url = "https://files.pythonhosted.org/packages/a9/60/f1711eb59ac7a6c5e98e5637fef5302f45b6f76a2c9d64fd83bbb341377a/websockets-13.1-cp313-cp313-macosx_11_0_arm64.whl", hash = "sha256:327b74e915cf13c5931334c61e1a41040e365d380f812513a255aa804b183418", size = 155721, upload-time = "2024-09-21T17:33:13.909Z" },
    { url = "https://files.pythonhosted.org/packages/6a/e6/ba9a8db7f9d9b0e5f829cf626ff32677f39824968317223605a6b419d445/websockets-13.1-cp313-cp313-manylinux_2_17_aarch64.manylinux2014_aarch64.whl", hash = "sha256:325b1ccdbf5e5725fdcb1b0e9ad4d2545056479d0eee392c291c1bf76206435a", size = 165609, upload-time = "2024-09-21T17:33:14.967Z" },
    { url = "https://files.pythonhosted.org/packages/c1/22/4ec80f1b9c27a0aebd84ccd857252eda8418ab9681eb571b37ca4c5e1305/websockets-13.1-cp313-cp313-manylinux_2_5_i686.manylinux1_i686.manylinux_2_17_i686.manylinux2014_i686.whl", hash = "sha256:346bee67a65f189e0e33f520f253d5147ab76ae42493804319b5716e46dddf0f", size = 164556, upload-time = "2024-09-21T17:33:17.113Z" },
    { url = "https://files.pythonhosted.org/packages/27/ac/35f423cb6bb15600438db80755609d27eda36d4c0b3c9d745ea12766c45e/websockets-13.1-cp313-cp313-manylinux_2_5_x86_64.manylinux1_x86_64.manylinux_2_17_x86_64.manylinux2014_x86_64.whl", hash = "sha256:91a0fa841646320ec0d3accdff5b757b06e2e5c86ba32af2e0815c96c7a603c5", size = 164993, upload-time = "2024-09-21T17:33:18.168Z" },
    { url = "https://files.pythonhosted.org/packages/31/4e/98db4fd267f8be9e52e86b6ee4e9aa7c42b83452ea0ea0672f176224b977/websockets-13.1-cp313-cp313-musllinux_1_2_aarch64.whl", hash = "sha256:18503d2c5f3943e93819238bf20df71982d193f73dcecd26c94514f417f6b135", size = 165360, upload-time = "2024-09-21T17:33:19.233Z" },
    { url = "https://files.pythonhosted.org/packages/3f/15/3f0de7cda70ffc94b7e7024544072bc5b26e2c1eb36545291abb755d8cdb/websockets-13.1-cp313-cp313-musllinux_1_2_i686.whl", hash = "sha256:a9cd1af7e18e5221d2878378fbc287a14cd527fdd5939ed56a18df8a31136bb2", size = 164745, upload-time = "2024-09-21T17:33:20.361Z" },
    { url = "https://files.pythonhosted.org/packages/a1/6e/66b6b756aebbd680b934c8bdbb6dcb9ce45aad72cde5f8a7208dbb00dd36/websockets-13.1-cp313-cp313-musllinux_1_2_x86_64.whl", hash = "sha256:70c5be9f416aa72aab7a2a76c90ae0a4fe2755c1816c153c1a2bcc3333ce4ce6", size = 164732, upload-time = "2024-09-21T17:33:23.103Z" },
    { url = "https://files.pythonhosted.org/packages/35/c6/12e3aab52c11aeb289e3dbbc05929e7a9d90d7a9173958477d3ef4f8ce2d/websockets-13.1-cp313-cp313-win32.whl", hash = "sha256:624459daabeb310d3815b276c1adef475b3e6804abaf2d9d2c061c319f7f187d", size = 158709, upload-time = "2024-09-21T17:33:24.196Z" },
    { url = "https://files.pythonhosted.org/packages/41/d8/63d6194aae711d7263df4498200c690a9c39fb437ede10f3e157a6343e0d/websockets-13.1-cp313-cp313-win_amd64.whl", hash = "sha256:c518e84bb59c2baae725accd355c8dc517b4a3ed8db88b4bc93c78dae2974bf2", size = 159144, upload-time = "2024-09-21T17:33:25.96Z" },
    { url = "https://files.pythonhosted.org/packages/56/27/96a5cd2626d11c8280656c6c71d8ab50fe006490ef9971ccd154e0c42cd2/websockets-13.1-py3-none-any.whl", hash = "sha256:a9a396a6ad26130cdae92ae10c36af09d9bfe6cafe69670fd3b6da9b07b4044f", size = 152134, upload-time = "2024-09-21T17:34:19.904Z" },
]
